<?xml version="1.0" encoding="utf-8"?>
<Project ToolsVersion="4.0" xmlns="http://schemas.microsoft.com/developer/msbuild/2003">
  <ItemGroup>
    <Filter Include="Исходные файлы">
      <UniqueIdentifier>{4FC737F1-C7A5-4376-A066-2A32D752A2FF}</UniqueIdentifier>
      <Extensions>cpp;c;cc;cxx;def;odl;idl;hpj;bat;asm;asmx</Extensions>
    </Filter>
    <Filter Include="Файлы заголовков">
      <UniqueIdentifier>{93995380-89BD-4b04-88EB-625FBE52EBFB}</UniqueIdentifier>
      <Extensions>h;hh;hpp;hxx;hm;inl;inc;ipp;xsd</Extensions>
    </Filter>
    <Filter Include="Файлы ресурсов">
      <UniqueIdentifier>{67DA6AB6-F800-4c08-8B7A-83BB121AAD01}</UniqueIdentifier>
      <Extensions>rc;ico;cur;bmp;dlg;rc2;rct;bin;rgs;gif;jpg;jpeg;jpe;resx;tiff;tif;png;wav;mfcribbon-ms</Extensions>
    </Filter>
    <Filter Include="Исходные файлы\engine">
      <UniqueIdentifier>{801a80c9-9cea-40d6-a822-dfdc8b06b527}</UniqueIdentifier>
    </Filter>
    <Filter Include="Исходные файлы\imgui">
      <UniqueIdentifier>{8bc46991-9e46-4076-9808-f1326d726a4d}</UniqueIdentifier>
    </Filter>
    <Filter Include="Исходные файлы\engine\components">
      <UniqueIdentifier>{d7736d38-54a6-4f00-8ef5-55b12c7b83b1}</UniqueIdentifier>
    </Filter>
  </ItemGroup>
  <ItemGroup>
    <ClCompile Include="CGCourse.cpp">
      <Filter>Исходные файлы</Filter>
    </ClCompile>
    <ClCompile Include="3rd\imgui\imgui.cpp">
      <Filter>Исходные файлы\imgui</Filter>
    </ClCompile>
    <ClCompile Include="3rd\imgui\imgui_demo.cpp">
      <Filter>Исходные файлы\imgui</Filter>
    </ClCompile>
    <ClCompile Include="3rd\imgui\imgui_draw.cpp">
      <Filter>Исходные файлы\imgui</Filter>
    </ClCompile>
    <ClCompile Include="3rd\imgui\imgui_widgets.cpp">
      <Filter>Исходные файлы\imgui</Filter>
    </ClCompile>
    <ClCompile Include="3rd\imgui\imgui-SFML.cpp">
      <Filter>Исходные файлы\imgui</Filter>
    </ClCompile>
    <ClCompile Include="engine\shader.cpp">
      <Filter>Исходные файлы\engine</Filter>
    </ClCompile>
    <ClCompile Include="engine\config.cpp">
      <Filter>Исходные файлы\engine</Filter>
    </ClCompile>
    <ClCompile Include="engine\object.cpp">
      <Filter>Исходные файлы\engine</Filter>
    </ClCompile>
    <ClCompile Include="engine\scene.cpp">
      <Filter>Исходные файлы\engine</Filter>
    </ClCompile>
    <ClCompile Include="engine\components\transformComponent.cpp">
      <Filter>Исходные файлы\engine\components</Filter>
    </ClCompile>
  </ItemGroup>
  <ItemGroup>
    <ClInclude Include="3rd\imgui\imconfig.h">
      <Filter>Исходные файлы\imgui</Filter>
    </ClInclude>
    <ClInclude Include="3rd\imgui\imgui.h">
      <Filter>Исходные файлы\imgui</Filter>
    </ClInclude>
    <ClInclude Include="3rd\imgui\imgui_internal.h">
      <Filter>Исходные файлы\imgui</Filter>
    </ClInclude>
    <ClInclude Include="3rd\imgui\imgui-SFML.h">
      <Filter>Исходные файлы\imgui</Filter>
    </ClInclude>
    <ClInclude Include="3rd\imgui\imgui-SFML_export.h">
      <Filter>Исходные файлы\imgui</Filter>
    </ClInclude>
    <ClInclude Include="3rd\imgui\imstb_rectpack.h">
      <Filter>Исходные файлы\imgui</Filter>
    </ClInclude>
    <ClInclude Include="3rd\imgui\imstb_textedit.h">
      <Filter>Исходные файлы\imgui</Filter>
    </ClInclude>
    <ClInclude Include="3rd\imgui\imstb_truetype.h">
      <Filter>Исходные файлы\imgui</Filter>
    </ClInclude>
    <ClInclude Include="math.h">
      <Filter>Исходные файлы\engine</Filter>
    </ClInclude>
    <ClInclude Include="engine\shader.h">
      <Filter>Исходные файлы\engine</Filter>
    </ClInclude>
    <ClInclude Include="SomeLogger.h">
      <Filter>Исходные файлы</Filter>
    </ClInclude>
    <ClInclude Include="engine\asset.h">
      <Filter>Исходные файлы\engine</Filter>
    </ClInclude>
    <ClInclude Include="engine\stream.h">
      <Filter>Исходные файлы\engine</Filter>
    </ClInclude>
    <ClInclude Include="engine\config.h">
      <Filter>Исходные файлы\engine</Filter>
    </ClInclude>
    <ClInclude Include="engine\object.h">
      <Filter>Исходные файлы\engine</Filter>
    </ClInclude>
    <ClInclude Include="engine\scene.h">
      <Filter>Исходные файлы\engine</Filter>
    </ClInclude>
    <ClInclude Include="engine\components\component.h">
      <Filter>Исходные файлы\engine\components</Filter>
    </ClInclude>
    <ClInclude Include="engine\components\transformComponent.h">
      <Filter>Исходные файлы\engine\components</Filter>
    </ClInclude>
    <ClInclude Include="engine\core.h">
      <Filter>Исходные файлы\engine</Filter>
    </ClInclude>
  </ItemGroup>
</Project>